
Microsoft Visual Studio Solution File, Format Version 12.00
# Visual Studio Version 17
VisualStudioVersion = 17.8.34330.188
MinimumVisualStudioVersion = 10.0.40219.1
Project("{9A19103F-16F7-4668-BE54-9A1E7A4F7556}") = "LottoSheli.SendPrinter.Settings", "LottoSheli.SendPrinter.Settings.csproj", "{6360099F-BAA6-4933-9309-59A93F279842}"
EndProject
Global
	GlobalSection(SolutionConfigurationPlatforms) = preSolution
		Debug|Any CPU = Debug|Any CPU
		Release|Any CPU = Release|Any CPU
	EndGlobalSection
	GlobalSection(ProjectConfigurationPlatforms) = postSolution
		{6360099F-BAA6-4933-9309-59A93F279842}.Debug|Any CPU.ActiveCfg = Debug|Any CPU
		{6360099F-BAA6-4933-9309-59A93F279842}.Debug|Any CPU.Build.0 = Debug|Any CPU
		{6360099F-BAA6-4933-9309-59A93F279842}.Release|Any CPU.ActiveCfg = Release|Any CPU
		{6360099F-BAA6-4933-9309-59A93F279842}.Release|Any CPU.Build.0 = Release|Any CPU
	EndGlobalSection
	GlobalSection(SolutionProperties) = preSolution
		HideSolutionNode = FALSE
	EndGlobalSection
	GlobalSection(ExtensibilityGlobals) = postSolution
		SolutionGuid = {593C4A22-EAED-484B-9137-975D543E259E}
	EndGlobalSection
EndGlobal
